
Microsoft Visual Studio Solution File, Format Version 12.00
# Visual Studio 15
VisualStudioVersion = 15.0.27004.2008
MinimumVisualStudioVersion = 10.0.40219.1
Project("{9A19103F-16F7-4668-BE54-9A1E7A4F7556}") = "DllLoader", "DllLoader\DllLoader.csproj", "{F2505FB3-1945-4BB7-BB5B-195D1141A8D2}"
EndProject
Project("{9A19103F-16F7-4668-BE54-9A1E7A4F7556}") = "TestPlugin", "TestPlugin\TestPlugin.csproj", "{795BB02B-5790-464B-92DA-0476190EB25F}"
EndProject
Project("{FAE04EC0-301F-11D3-BF4B-00C04F79EFBC}") = "DllLoader.Contracts", "DllLoader.Contracts\DllLoader.Contracts.csproj", "{6DB06F86-C303-40AA-B2A4-3A847432E0D4}"
EndProject
Global
	GlobalSection(SolutionConfigurationPlatforms) = preSolution
		Debug|Any CPU = Debug|Any CPU
		Debug|x64 = Debug|x64
		Release|Any CPU = Release|Any CPU
		Release|x64 = Release|x64
	EndGlobalSection
	GlobalSection(ProjectConfigurationPlatforms) = postSolution
		{F2505FB3-1945-4BB7-BB5B-195D1141A8D2}.Debug|Any CPU.ActiveCfg = Debug|Any CPU
		{F2505FB3-1945-4BB7-BB5B-195D1141A8D2}.Debug|Any CPU.Build.0 = Debug|Any CPU
		{F2505FB3-1945-4BB7-BB5B-195D1141A8D2}.Debug|x64.ActiveCfg = Debug|Any CPU
		{F2505FB3-1945-4BB7-BB5B-195D1141A8D2}.Debug|x64.Build.0 = Debug|Any CPU
		{F2505FB3-1945-4BB7-BB5B-195D1141A8D2}.Release|Any CPU.ActiveCfg = Release|Any CPU
		{F2505FB3-1945-4BB7-BB5B-195D1141A8D2}.Release|Any CPU.Build.0 = Release|Any CPU
		{F2505FB3-1945-4BB7-BB5B-195D1141A8D2}.Release|x64.ActiveCfg = Release|x64
		{F2505FB3-1945-4BB7-BB5B-195D1141A8D2}.Release|x64.Build.0 = Release|x64
		{795BB02B-5790-464B-92DA-0476190EB25F}.Debug|Any CPU.ActiveCfg = Debug|Any CPU
		{795BB02B-5790-464B-92DA-0476190EB25F}.Debug|Any CPU.Build.0 = Debug|Any CPU
		{795BB02B-5790-464B-92DA-0476190EB25F}.Debug|x64.ActiveCfg = Debug|Any CPU
		{795BB02B-5790-464B-92DA-0476190EB25F}.Debug|x64.Build.0 = Debug|Any CPU
		{795BB02B-5790-464B-92DA-0476190EB25F}.Release|Any CPU.ActiveCfg = Release|Any CPU
		{795BB02B-5790-464B-92DA-0476190EB25F}.Release|Any CPU.Build.0 = Release|Any CPU
		{795BB02B-5790-464B-92DA-0476190EB25F}.Release|x64.ActiveCfg = Release|x64
		{795BB02B-5790-464B-92DA-0476190EB25F}.Release|x64.Build.0 = Release|x64
		{6DB06F86-C303-40AA-B2A4-3A847432E0D4}.Debug|Any CPU.ActiveCfg = Debug|Any CPU
		{6DB06F86-C303-40AA-B2A4-3A847432E0D4}.Debug|Any CPU.Build.0 = Debug|Any CPU
		{6DB06F86-C303-40AA-B2A4-3A847432E0D4}.Debug|x64.ActiveCfg = Debug|Any CPU
		{6DB06F86-C303-40AA-B2A4-3A847432E0D4}.Debug|x64.Build.0 = Debug|Any CPU
		{6DB06F86-C303-40AA-B2A4-3A847432E0D4}.Release|Any CPU.ActiveCfg = Release|Any CPU
		{6DB06F86-C303-40AA-B2A4-3A847432E0D4}.Release|Any CPU.Build.0 = Release|Any CPU
		{6DB06F86-C303-40AA-B2A4-3A847432E0D4}.Release|x64.ActiveCfg = Release|Any CPU
		{6DB06F86-C303-40AA-B2A4-3A847432E0D4}.Release|x64.Build.0 = Release|Any CPU
	EndGlobalSection
	GlobalSection(SolutionProperties) = preSolution
		HideSolutionNode = FALSE
	EndGlobalSection
	GlobalSection(ExtensibilityGlobals) = postSolution
		SolutionGuid = {908B4304-590C-4D6F-9613-8F3D501E47BA}
	EndGlobalSection
EndGlobal
